
Microsoft Visual Studio Solution File, Format Version 12.00
# Visual Studio Version 16
VisualStudioVersion = 16.0.31205.134
MinimumVisualStudioVersion = 10.0.40219.1
Project("{FAE04EC0-301F-11D3-BF4B-00C04F79EFBC}") = "CSGORUN-Robot", "CSGORUN-Robot.csproj", "{92610B90-99B4-445C-9623-99E828DA6ADC}"
EndProject
Global
	GlobalSection(SolutionConfigurationPlatforms) = preSolution
		Debug|Any CPU = Debug|Any CPU
		Release|Any CPU = Release|Any CPU
	EndGlobalSection
	GlobalSection(ProjectConfigurationPlatforms) = postSolution
		{92610B90-99B4-445C-9623-99E828DA6ADC}.Debug|Any CPU.ActiveCfg = Debug|Any CPU
		{92610B90-99B4-445C-9623-99E828DA6ADC}.Debug|Any CPU.Build.0 = Debug|Any CPU
		{92610B90-99B4-445C-9623-99E828DA6ADC}.Release|Any CPU.ActiveCfg = Release|Any CPU
		{92610B90-99B4-445C-9623-99E828DA6ADC}.Release|Any CPU.Build.0 = Release|Any CPU
	EndGlobalSection
	GlobalSection(SolutionProperties) = preSolution
		HideSolutionNode = FALSE
	EndGlobalSection
	GlobalSection(ExtensibilityGlobals) = postSolution
		SolutionGuid = {A5B7CCCE-F938-4A3D-9604-268D30C4F98C}
	EndGlobalSection
EndGlobal
